<?xml version="1.0" encoding="utf-8"?>
<Project ToolsVersion="4.0" xmlns="http://schemas.microsoft.com/developer/msbuild/2003">
  <ItemGroup>
    <ClCompile Include="cuda.cpp">
      <Filter>Source Files</Filter>
    </ClCompile>
    <ClCompile Include="cuda_OutputArray.h">
      <Filter>Header Files\cuda</Filter>
    </ClCompile>
  </ItemGroup>
  <ItemGroup>
    <ClInclude Include="cuda_GpuMat.h">
      <Filter>Header Files\cuda</Filter>
    </ClInclude>
    <ClInclude Include="cuda_Arithm.h">
      <Filter>Header Files\cuda</Filter>
    </ClInclude>
    <ClInclude Include="cuda_BufferPool.h">
      <Filter>Header Files\cuda</Filter>
    </ClInclude>
    <ClInclude Include="cuda_Core.h">
      <Filter>Header Files\cuda</Filter>
    </ClInclude>
    <ClInclude Include="cuda_DeviceInfo.h">
      <Filter>Header Files\cuda</Filter>
    </ClInclude>
    <ClInclude Include="cuda_Event.h">
      <Filter>Header Files\cuda</Filter>
    </ClInclude>
    <ClInclude Include="cuda_EventAccessor.h">
      <Filter>Header Files\cuda</Filter>
    </ClInclude>
    <ClInclude Include="cuda_GpuData.h">
      <Filter>Header Files\cuda</Filter>
    </ClInclude>
    <ClInclude Include="cuda_GpuMatND.h">
      <Filter>Header Files\cuda</Filter>
    </ClInclude>
    <ClInclude Include="cuda_HostMem.h">
      <Filter>Header Files\cuda</Filter>
    </ClInclude>
    <ClInclude Include="cuda_Imgproc.h">
      <Filter>Header Files\cuda</Filter>
    </ClInclude>
    <ClInclude Include="cuda_Legacy.h">
      <Filter>Header Files\cuda</Filter>
    </ClInclude>
    <ClInclude Include="cuda_OpenGL.h">
      <Filter>Header Files\cuda</Filter>
    </ClInclude>
    <ClInclude Include="cuda_Photo.h">
      <Filter>Header Files\cuda</Filter>
    </ClInclude>
    <ClInclude Include="cuda_runtime.h">
      <Filter>Header Files\cuda</Filter>
    </ClInclude>
    <ClInclude Include="cuda_Stereo.h">
      <Filter>Header Files\cuda</Filter>
    </ClInclude>
    <ClInclude Include="cuda_Stream.h">
      <Filter>Header Files\cuda</Filter>
    </ClInclude>
    <ClInclude Include="cuda_StreamAccessor.h">
      <Filter>Header Files\cuda</Filter>
    </ClInclude>
    <ClInclude Include="cuda_TargetArchs.h">
      <Filter>Header Files\cuda</Filter>
    </ClInclude>
    <ClInclude Include="cuda_Warping.h">
      <Filter>Header Files\cuda</Filter>
    </ClInclude>
    <ClInclude Include="cuda_InputArray.h">
      <Filter>Header Files\cuda</Filter>
    </ClInclude>
    <ClInclude Include="cuda_Convolution.h">
      <Filter>Header Files\cuda\arithm</Filter>
    </ClInclude>
    <ClInclude Include="cuda_DFT.h">
      <Filter>Header Files\cuda\arithm</Filter>
    </ClInclude>
    <ClInclude Include="cuda_LookUpTable.h">
      <Filter>Header Files\cuda\arithm</Filter>
    </ClInclude>
    <ClInclude Include="cuda_Bgsegm_mog2.h">
      <Filter>Header Files\cuda\bgsegm</Filter>
    </ClInclude>
    <ClInclude Include="cuda_Bgsegm_mog.h">
      <Filter>Header Files\cuda\bgsegm</Filter>
    </ClInclude>
    <ClInclude Include="cuda_DescriptorMatcher.h">
      <Filter>Header Files\cuda\features2d</Filter>
    </ClInclude>
    <ClInclude Include="cuda_FastFeatureDetector.h">
      <Filter>Header Files\cuda\features2d</Filter>
    </ClInclude>
    <ClInclude Include="cuda_Feature2DAsync.h">
      <Filter>Header Files\cuda\features2d</Filter>
    </ClInclude>
    <ClInclude Include="cuda_ORB.h">
      <Filter>Header Files\cuda\features2d</Filter>
    </ClInclude>
    <ClInclude Include="cuda_SURF_CUDA.h">
      <Filter>Header Files\cuda\features2d</Filter>
    </ClInclude>
    <ClInclude Include="cuda_Filters.h">
      <Filter>Header Files\cuda\filters</Filter>
    </ClInclude>
    <ClInclude Include="cuda_CannyEdgeDetector.h">
      <Filter>Header Files\cuda\imgproc</Filter>
    </ClInclude>
    <ClInclude Include="cuda_CLAHE.h">
      <Filter>Header Files\cuda\imgproc</Filter>
    </ClInclude>
    <ClInclude Include="cuda_CornernessCriteria.h">
      <Filter>Header Files\cuda\imgproc</Filter>
    </ClInclude>
    <ClInclude Include="cuda_CornersDetector.h">
      <Filter>Header Files\cuda\imgproc</Filter>
    </ClInclude>
    <ClInclude Include="cuda_GeneralizedHough.h">
      <Filter>Header Files\cuda\imgproc</Filter>
    </ClInclude>
    <ClInclude Include="cuda_GeneralizedHoughBallard.h">
      <Filter>Header Files\cuda\imgproc</Filter>
    </ClInclude>
    <ClInclude Include="cuda_GeneralizedHoughGuil.h">
      <Filter>Header Files\cuda\imgproc</Filter>
    </ClInclude>
    <ClInclude Include="cuda_HoughCirclesDetector.h">
      <Filter>Header Files\cuda\imgproc</Filter>
    </ClInclude>
    <ClInclude Include="cuda_HoughLinesDetector.h">
      <Filter>Header Files\cuda\imgproc</Filter>
    </ClInclude>
    <ClInclude Include="cuda_HoughSegmentDetector.h">
      <Filter>Header Files\cuda\imgproc</Filter>
    </ClInclude>
    <ClInclude Include="cuda_TemplateMatching.h">
      <Filter>Header Files\cuda\imgproc</Filter>
    </ClInclude>
    <ClInclude Include="cuda_Bgsegm_fgd.h">
      <Filter>Header Files\cuda\legacy</Filter>
    </ClInclude>
    <ClInclude Include="cuda_Bgsegm_gmg.h">
      <Filter>Header Files\cuda\legacy</Filter>
    </ClInclude>
    <ClInclude Include="cuda_FastOpticalFlowBM.h">
      <Filter>Header Files\cuda\legacy</Filter>
    </ClInclude>
    <ClInclude Include="cuda_ImagePyramid.h">
      <Filter>Header Files\cuda\legacy</Filter>
    </ClInclude>
    <ClInclude Include="cuda_CascadeClassifier.h">
      <Filter>Header Files\cuda\objdetect</Filter>
    </ClInclude>
    <ClInclude Include="cuda_HOG.h">
      <Filter>Header Files\cuda\objdetect</Filter>
    </ClInclude>
    <ClInclude Include="cuda_BroxOpticalFlow.h">
      <Filter>Header Files\cuda\optflow</Filter>
    </ClInclude>
    <ClInclude Include="cuda_DenseOpticalFlow.h">
      <Filter>Header Files\cuda\optflow</Filter>
    </ClInclude>
    <ClInclude Include="cuda_DensePyrLKOpticalFlow.h">
      <Filter>Header Files\cuda\optflow</Filter>
    </ClInclude>
    <ClInclude Include="cuda_FarnebackOpticalFlow.h">
      <Filter>Header Files\cuda\optflow</Filter>
    </ClInclude>
    <ClInclude Include="cuda_NvidiaHWOpticalFlow.h">
      <Filter>Header Files\cuda\optflow</Filter>
    </ClInclude>
    <ClInclude Include="cuda_NvidiaOpticalFlow_1_0.h">
      <Filter>Header Files\cuda\optflow</Filter>
    </ClInclude>
    <ClInclude Include="cuda_NvidiaOpticalFlow_2_0.h">
      <Filter>Header Files\cuda\optflow</Filter>
    </ClInclude>
    <ClInclude Include="cuda_OpticalFlowDual_TVL1.h">
      <Filter>Header Files\cuda\optflow</Filter>
    </ClInclude>
    <ClInclude Include="cuda_SparseOpticalFlow.h">
      <Filter>Header Files\cuda\optflow</Filter>
    </ClInclude>
    <ClInclude Include="cuda_SparsePyrLKOpticalFlow.h">
      <Filter>Header Files\cuda\optflow</Filter>
    </ClInclude>
    <ClInclude Include="cuda_StereoBeliefPropagation.h">
      <Filter>Header Files\cuda\stereo</Filter>
    </ClInclude>
    <ClInclude Include="cuda_StereoBM.h">
      <Filter>Header Files\cuda\stereo</Filter>
    </ClInclude>
    <ClInclude Include="cuda_StereoConstantSpaceBP.h">
      <Filter>Header Files\cuda\stereo</Filter>
    </ClInclude>
    <ClInclude Include="cuda_StereoMatcher.h">
      <Filter>Header Files\cuda\stereo</Filter>
    </ClInclude>
    <ClInclude Include="cuda_StereoSGM.h">
      <Filter>Header Files\cuda\stereo</Filter>
    </ClInclude>
    <ClInclude Include="cuda_DisparityBilateralFilter.h">
      <Filter>Header Files\cuda\stereo</Filter>
    </ClInclude>
    <ClInclude Include="my_cuda_functions.h">
      <Filter>Header Files</Filter>
    </ClInclude>
  </ItemGroup>
  <ItemGroup>
    <Filter Include="Source Files">
      <UniqueIdentifier>{7cf64a97-436b-4e7c-b5df-8f2cda783780}</UniqueIdentifier>
    </Filter>
    <Filter Include="Header Files">
      <UniqueIdentifier>{a4e507f2-fd1a-4ba4-bdc7-4b686631a280}</UniqueIdentifier>
    </Filter>
    <Filter Include="Header Files\cuda">
      <UniqueIdentifier>{071d16dc-3c5e-43da-a662-ff9092f10f32}</UniqueIdentifier>
    </Filter>
    <Filter Include="Header Files\cuda\arithm">
      <UniqueIdentifier>{b9fd5bee-9e5f-48c8-a4e0-60e0e35311b3}</UniqueIdentifier>
    </Filter>
    <Filter Include="Header Files\cuda\bgsegm">
      <UniqueIdentifier>{0da69adc-d576-4acb-8e48-f6a68764e28e}</UniqueIdentifier>
    </Filter>
    <Filter Include="Header Files\cuda\features2d">
      <UniqueIdentifier>{e9f2e4c5-aec0-447d-95ac-64dc059bd323}</UniqueIdentifier>
    </Filter>
    <Filter Include="Header Files\cuda\filters">
      <UniqueIdentifier>{687f5038-4aa9-4b81-bfde-c747c7a186c4}</UniqueIdentifier>
    </Filter>
    <Filter Include="Header Files\cuda\imgproc">
      <UniqueIdentifier>{86b1365b-12e2-46eb-a6fe-438df5b91b1a}</UniqueIdentifier>
    </Filter>
    <Filter Include="Header Files\cuda\legacy">
      <UniqueIdentifier>{cdf48bd5-23a5-47bf-bca9-520a150c5c3b}</UniqueIdentifier>
    </Filter>
    <Filter Include="Header Files\cuda\objdetect">
      <UniqueIdentifier>{a6f174ae-a772-4b61-a292-32753de2eb2c}</UniqueIdentifier>
    </Filter>
    <Filter Include="Header Files\cuda\optflow">
      <UniqueIdentifier>{23d7218e-1e0c-4b93-8629-b9967aaed016}</UniqueIdentifier>
    </Filter>
    <Filter Include="Header Files\cuda\stereo">
      <UniqueIdentifier>{12da16d6-ded3-4da1-9eaf-26bc5ce6d980}</UniqueIdentifier>
    </Filter>
  </ItemGroup>
</Project>